
Microsoft Visual Studio Solution File, Format Version 12.00
# Visual Studio 15
VisualStudioVersion = 15.0.27130.2026
MinimumVisualStudioVersion = 15.0
Project("{2150E333-8FDC-42A3-9474-1A3956D46DE8}") = "doc", "doc", "{F45DB999-7E72-4000-B5AD-3A7B485A0896}"
	ProjectSection(SolutionItems) = preProject
		doc\Command Line.txt = doc\Command Line.txt
		doc\ILAst.txt = doc\ILAst.txt
		doc\IntPtr.txt = doc\IntPtr.txt
	EndProjectSection
EndProject
Project("{9A19103F-16F7-4668-BE54-9A1E7A4F7556}") = "ILSpy.Core", "ILSpy.Core\ILSpy.Core.csproj", "{7BB39313-8FC6-40A4-A06F-FD2A10817256}"
EndProject
Project("{9A19103F-16F7-4668-BE54-9A1E7A4F7556}") = "TestPlugin", "TestPlugin\TestPlugin.csproj", "{5C561A81-4427-418A-B773-3840D2B32C4D}"
EndProject
Project("{9A19103F-16F7-4668-BE54-9A1E7A4F7556}") = "ILSpy", "ILSpy\ILSpy.csproj", "{3AAA340D-7BED-4B26-BDD3-992D8B6D7779}"
EndProject
Project("{FAE04EC0-301F-11D3-BF4B-00C04F79EFBC}") = "ICSharpCode.TreeView", "SharpTreeView\ICSharpCode.TreeView.csproj", "{FB080DB9-FBDD-4F90-836B-84AE7BEE2AF5}"
EndProject
Project("{2150E333-8FDC-42A3-9474-1A3956D46DE8}") = "SolutionItems", "SolutionItems", "{CE6139CA-2C1F-4C0C-960E-25BAC32B54B8}"
	ProjectSection(SolutionItems) = preProject
		.editorconfig = .editorconfig
		Directory.Packages.props = Directory.Packages.props
		nuget.config = nuget.config
		README.md = README.md
	EndProjectSection
EndProject
Global
	GlobalSection(SolutionConfigurationPlatforms) = preSolution
		Debug|Any CPU = Debug|Any CPU
		Release|Any CPU = Release|Any CPU
	EndGlobalSection
	GlobalSection(ProjectConfigurationPlatforms) = postSolution
		{7BB39313-8FC6-40A4-A06F-FD2A10817256}.Debug|Any CPU.ActiveCfg = Debug|Any CPU
		{7BB39313-8FC6-40A4-A06F-FD2A10817256}.Debug|Any CPU.Build.0 = Debug|Any CPU
		{7BB39313-8FC6-40A4-A06F-FD2A10817256}.Release|Any CPU.ActiveCfg = Release|Any CPU
		{7BB39313-8FC6-40A4-A06F-FD2A10817256}.Release|Any CPU.Build.0 = Release|Any CPU
		{CC3151F6-C080-4E17-9F50-58C3FED64F28}.Debug|Any CPU.ActiveCfg = Debug|Any CPU
		{CC3151F6-C080-4E17-9F50-58C3FED64F28}.Debug|Any CPU.Build.0 = Debug|Any CPU
		{CC3151F6-C080-4E17-9F50-58C3FED64F28}.Release|Any CPU.ActiveCfg = Release|Any CPU
		{CC3151F6-C080-4E17-9F50-58C3FED64F28}.Release|Any CPU.Build.0 = Release|Any CPU
		{5C561A81-4427-418A-B773-3840D2B32C4D}.Debug|Any CPU.ActiveCfg = Debug|Any CPU
		{5C561A81-4427-418A-B773-3840D2B32C4D}.Debug|Any CPU.Build.0 = Debug|Any CPU
		{5C561A81-4427-418A-B773-3840D2B32C4D}.Release|Any CPU.ActiveCfg = Release|Any CPU
		{5C561A81-4427-418A-B773-3840D2B32C4D}.Release|Any CPU.Build.0 = Release|Any CPU
		{3AAA340D-7BED-4B26-BDD3-992D8B6D7779}.Debug|Any CPU.ActiveCfg = Debug|Any CPU
		{3AAA340D-7BED-4B26-BDD3-992D8B6D7779}.Debug|Any CPU.Build.0 = Debug|Any CPU
		{3AAA340D-7BED-4B26-BDD3-992D8B6D7779}.Release|Any CPU.ActiveCfg = Release|Any CPU
		{3AAA340D-7BED-4B26-BDD3-992D8B6D7779}.Release|Any CPU.Build.0 = Release|Any CPU
		{FB080DB9-FBDD-4F90-836B-84AE7BEE2AF5}.Debug|Any CPU.ActiveCfg = Debug|Any CPU
		{FB080DB9-FBDD-4F90-836B-84AE7BEE2AF5}.Debug|Any CPU.Build.0 = Debug|Any CPU
		{FB080DB9-FBDD-4F90-836B-84AE7BEE2AF5}.Release|Any CPU.ActiveCfg = Release|Any CPU
		{FB080DB9-FBDD-4F90-836B-84AE7BEE2AF5}.Release|Any CPU.Build.0 = Release|Any CPU
	EndGlobalSection
	GlobalSection(SolutionProperties) = preSolution
		HideSolutionNode = FALSE
	EndGlobalSection
	GlobalSection(ExtensibilityGlobals) = postSolution
		SolutionGuid = {C764218F-7633-4412-923D-558CE7EE0560}
	EndGlobalSection
EndGlobal
